// !$*UTF8*$!
{
	archiveVersion = 1;
	classes = {
	};
	objectVersion = 56;
	objects = {

/* Begin PBXBuildFile section */
		2DC1191AAF7FF18116722085 /* Pods_SelfTest.framework in Frameworks */ = {isa = PBXBuildFile; fileRef = 27FD6757A70E4C7C1B1E648D /* Pods_SelfTest.framework */; };
		7336E54E02E94C29B8941B1B /* Pods_SelfTest_SelfTestUITests.framework in Frameworks */ = {isa = PBXBuildFile; fileRef = A5EEC7912B8AA7DC49F24D9E /* Pods_SelfTest_SelfTestUITests.framework */; };
		7A90B32AF4643A4BB8A82492 /* Pods_SelfTestTests.framework in Frameworks */ = {isa = PBXBuildFile; fileRef = 334DEFBDD6C9B10E14010789 /* Pods_SelfTestTests.framework */; };
		DF0949962B2DFCC000D8642C /* AppDelegate.swift in Sources */ = {isa = PBXBuildFile; fileRef = DF0949952B2DFCC000D8642C /* AppDelegate.swift */; };
		DF0949982B2DFCC000D8642C /* SceneDelegate.swift in Sources */ = {isa = PBXBuildFile; fileRef = DF0949972B2DFCC000D8642C /* SceneDelegate.swift */; };
		DF09499F2B2DFCC000D8642C /* Assets.xcassets in Resources */ = {isa = PBXBuildFile; fileRef = DF09499E2B2DFCC000D8642C /* Assets.xcassets */; };
		DF0949AD2B2DFCC100D8642C /* SelfTestTests.swift in Sources */ = {isa = PBXBuildFile; fileRef = DF0949AC2B2DFCC100D8642C /* SelfTestTests.swift */; };
		DF0949B72B2DFCC100D8642C /* SelfTestUITests.swift in Sources */ = {isa = PBXBuildFile; fileRef = DF0949B62B2DFCC100D8642C /* SelfTestUITests.swift */; };
		DF0949B92B2DFCC100D8642C /* SelfTestUITestsLaunchTests.swift in Sources */ = {isa = PBXBuildFile; fileRef = DF0949B82B2DFCC100D8642C /* SelfTestUITestsLaunchTests.swift */; };
		DF0949D92B2E017700D8642C /* Main.storyboard in Resources */ = {isa = PBXBuildFile; fileRef = DF0949D82B2E017700D8642C /* Main.storyboard */; };
		DF0949DB2B2E02F900D8642C /* StartTest.storyboard in Resources */ = {isa = PBXBuildFile; fileRef = DF0949DA2B2E02F900D8642C /* StartTest.storyboard */; };
		DF43EBAF2B60A12500A78CBC /* テーマソング.mp3 in Resources */ = {isa = PBXBuildFile; fileRef = DF43EBAE2B60A12500A78CBC /* テーマソング.mp3 */; };
		DF43EBB22B60A12F00A78CBC /* クイズ不正解.mp3 in Resources */ = {isa = PBXBuildFile; fileRef = DF43EBB02B60A12F00A78CBC /* クイズ不正解.mp3 */; };
		DF43EBB32B60A12F00A78CBC /* クイズ正解.mp3 in Resources */ = {isa = PBXBuildFile; fileRef = DF43EBB12B60A12F00A78CBC /* クイズ正解.mp3 */; };
		DF43EBB52B60A4B600A78CBC /* セルフテストロゴ.png in Resources */ = {isa = PBXBuildFile; fileRef = DF43EBB42B60A4B600A78CBC /* セルフテストロゴ.png */; };
		DF43EBB92B60B96E00A78CBC /* correct.png in Resources */ = {isa = PBXBuildFile; fileRef = DF43EBB72B60B96E00A78CBC /* correct.png */; };
		DF43EBBA2B60B96E00A78CBC /* incorrect.png in Resources */ = {isa = PBXBuildFile; fileRef = DF43EBB82B60B96E00A78CBC /* incorrect.png */; };
		DF4B3F2C2B9591C7007F2AE3 /* StartFiveSentenceTest.storyboard in Resources */ = {isa = PBXBuildFile; fileRef = DF4B3F2B2B9591C7007F2AE3 /* StartFiveSentenceTest.storyboard */; };
		DF4B3F2E2B959368007F2AE3 /* FiveSentenceCreateViewController.swift in Sources */ = {isa = PBXBuildFile; fileRef = DF4B3F2D2B959368007F2AE3 /* FiveSentenceCreateViewController.swift */; };
		DF4B3F302B959384007F2AE3 /* FiveSentenceEditViewController.swift in Sources */ = {isa = PBXBuildFile; fileRef = DF4B3F2F2B959384007F2AE3 /* FiveSentenceEditViewController.swift */; };
		DF4B3F322B9593DC007F2AE3 /* FiveSentenceCreate.storyboard in Resources */ = {isa = PBXBuildFile; fileRef = DF4B3F312B9593DC007F2AE3 /* FiveSentenceCreate.storyboard */; };
		DF4B3F342B95B94B007F2AE3 /* StartFiveSentenceTestViewController.swift in Sources */ = {isa = PBXBuildFile; fileRef = DF4B3F332B95B94B007F2AE3 /* StartFiveSentenceTestViewController.swift */; };
		DF4B3F362B9602CD007F2AE3 /* ResultFiveTestViewController.swift in Sources */ = {isa = PBXBuildFile; fileRef = DF4B3F352B9602CD007F2AE3 /* ResultFiveTestViewController.swift */; };
		DF4B3F382B96C473007F2AE3 /* FiveSentenceEdit.storyboard in Resources */ = {isa = PBXBuildFile; fileRef = DF4B3F372B96C473007F2AE3 /* FiveSentenceEdit.storyboard */; };
		DF4B3F3F2B982F2B007F2AE3 /* TestSelect.storyboard in Resources */ = {isa = PBXBuildFile; fileRef = DF4B3F3E2B982F2B007F2AE3 /* TestSelect.storyboard */; };
		DF4B3F412B982F46007F2AE3 /* TenSentenceCreate.storyboard in Resources */ = {isa = PBXBuildFile; fileRef = DF4B3F402B982F46007F2AE3 /* TenSentenceCreate.storyboard */; };
		DF4B3F432B982F5A007F2AE3 /* SelectCreate.storyboard in Resources */ = {isa = PBXBuildFile; fileRef = DF4B3F422B982F5A007F2AE3 /* SelectCreate.storyboard */; };
		DF4B3F452B982F69007F2AE3 /* TenSentenceEdit.storyboard in Resources */ = {isa = PBXBuildFile; fileRef = DF4B3F442B982F69007F2AE3 /* TenSentenceEdit.storyboard */; };
		DF4B3F472B982F75007F2AE3 /* SelectEdit.storyboard in Resources */ = {isa = PBXBuildFile; fileRef = DF4B3F462B982F75007F2AE3 /* SelectEdit.storyboard */; };
		DF4B3F492B982FAF007F2AE3 /* KindTest.storyboard in Resources */ = {isa = PBXBuildFile; fileRef = DF4B3F482B982FAF007F2AE3 /* KindTest.storyboard */; };
		DF50453C2B5A35120046B3FD /* StartSelectTest.storyboard in Resources */ = {isa = PBXBuildFile; fileRef = DF50453B2B5A35120046B3FD /* StartSelectTest.storyboard */; };
		DFADAA4E2B7C443800B14BCB /* ContentTestTableViewCell.xib in Resources */ = {isa = PBXBuildFile; fileRef = DFADAA482B7C443800B14BCB /* ContentTestTableViewCell.xib */; };
		DFADAA4F2B7C443800B14BCB /* SelectTestTableViewCell.swift in Sources */ = {isa = PBXBuildFile; fileRef = DFADAA492B7C443800B14BCB /* SelectTestTableViewCell.swift */; };
		DFADAA502B7C443800B14BCB /* TestTableViewCell.xib in Resources */ = {isa = PBXBuildFile; fileRef = DFADAA4A2B7C443800B14BCB /* TestTableViewCell.xib */; };
		DFADAA512B7C443800B14BCB /* ContentTestTableViewCell.swift in Sources */ = {isa = PBXBuildFile; fileRef = DFADAA4B2B7C443800B14BCB /* ContentTestTableViewCell.swift */; };
		DFADAA522B7C443800B14BCB /* SelectTestTableViewCell.xib in Resources */ = {isa = PBXBuildFile; fileRef = DFADAA4C2B7C443800B14BCB /* SelectTestTableViewCell.xib */; };
		DFADAA532B7C443800B14BCB /* TestTableViewCell.swift in Sources */ = {isa = PBXBuildFile; fileRef = DFADAA4D2B7C443800B14BCB /* TestTableViewCell.swift */; };
		DFADAA572B7C444600B14BCB /* TestYobiDataModel.swift in Sources */ = {isa = PBXBuildFile; fileRef = DFADAA552B7C444600B14BCB /* TestYobiDataModel.swift */; };
		DFADAA582B7C444600B14BCB /* TestDataModel.swift in Sources */ = {isa = PBXBuildFile; fileRef = DFADAA562B7C444600B14BCB /* TestDataModel.swift */; };
		DFADAA6A2B7C447000B14BCB /* ResultViewController.swift in Sources */ = {isa = PBXBuildFile; fileRef = DFADAA5B2B7C447000B14BCB /* ResultViewController.swift */; };
		DFADAA6B2B7C447000B14BCB /* SelectEditViewController.swift in Sources */ = {isa = PBXBuildFile; fileRef = DFADAA5C2B7C447000B14BCB /* SelectEditViewController.swift */; };
		DFADAA6C2B7C447000B14BCB /* SelectTestViewController.swift in Sources */ = {isa = PBXBuildFile; fileRef = DFADAA5D2B7C447000B14BCB /* SelectTestViewController.swift */; };
		DFADAA6F2B7C447000B14BCB /* CreateNewViewController.swift in Sources */ = {isa = PBXBuildFile; fileRef = DFADAA602B7C447000B14BCB /* CreateNewViewController.swift */; };
		DFADAA702B7C447000B14BCB /* HomeViewController.swift in Sources */ = {isa = PBXBuildFile; fileRef = DFADAA612B7C447000B14BCB /* HomeViewController.swift */; };
		DFADAA712B7C447000B14BCB /* ResultSelectTestViewController.swift in Sources */ = {isa = PBXBuildFile; fileRef = DFADAA622B7C447000B14BCB /* ResultSelectTestViewController.swift */; };
		DFADAA722B7C447000B14BCB /* StartViewController.swift in Sources */ = {isa = PBXBuildFile; fileRef = DFADAA632B7C447000B14BCB /* StartViewController.swift */; };
		DFADAA732B7C447000B14BCB /* TenSentenceEditViewController.swift in Sources */ = {isa = PBXBuildFile; fileRef = DFADAA642B7C447000B14BCB /* TenSentenceEditViewController.swift */; };
		DFADAA742B7C447000B14BCB /* SelectCreateViewController.swift in Sources */ = {isa = PBXBuildFile; fileRef = DFADAA652B7C447000B14BCB /* SelectCreateViewController.swift */; };
		DFADAA762B7C447000B14BCB /* TenSentenceCreateViewController.swift in Sources */ = {isa = PBXBuildFile; fileRef = DFADAA672B7C447000B14BCB /* TenSentenceCreateViewController.swift */; };
		DFADAA772B7C447000B14BCB /* StartSelectTestViewController.swift in Sources */ = {isa = PBXBuildFile; fileRef = DFADAA682B7C447000B14BCB /* StartSelectTestViewController.swift */; };
		DFADAA792B7C448000B14BCB /* Constant.swift in Sources */ = {isa = PBXBuildFile; fileRef = DFADAA782B7C448000B14BCB /* Constant.swift */; };
/* End PBXBuildFile section */

/* Begin PBXContainerItemProxy section */
		DF0949A92B2DFCC100D8642C /* PBXContainerItemProxy */ = {
			isa = PBXContainerItemProxy;
			containerPortal = DF09498A2B2DFCC000D8642C /* Project object */;
			proxyType = 1;
			remoteGlobalIDString = DF0949912B2DFCC000D8642C;
			remoteInfo = SelfTest;
		};
		DF0949B32B2DFCC100D8642C /* PBXContainerItemProxy */ = {
			isa = PBXContainerItemProxy;
			containerPortal = DF09498A2B2DFCC000D8642C /* Project object */;
			proxyType = 1;
			remoteGlobalIDString = DF0949912B2DFCC000D8642C;
			remoteInfo = SelfTest;
		};
/* End PBXContainerItemProxy section */

/* Begin PBXFileReference section */
		19037791B57E68E3AB7EC5F6 /* Pods-SelfTest-SelfTestUITests.debug.xcconfig */ = {isa = PBXFileReference; includeInIndex = 1; lastKnownFileType = text.xcconfig; name = "Pods-SelfTest-SelfTestUITests.debug.xcconfig"; path = "Target Support Files/Pods-SelfTest-SelfTestUITests/Pods-SelfTest-SelfTestUITests.debug.xcconfig"; sourceTree = "<group>"; };
		27FD6757A70E4C7C1B1E648D /* Pods_SelfTest.framework */ = {isa = PBXFileReference; explicitFileType = wrapper.framework; includeInIndex = 0; path = Pods_SelfTest.framework; sourceTree = BUILT_PRODUCTS_DIR; };
		334DEFBDD6C9B10E14010789 /* Pods_SelfTestTests.framework */ = {isa = PBXFileReference; explicitFileType = wrapper.framework; includeInIndex = 0; path = Pods_SelfTestTests.framework; sourceTree = BUILT_PRODUCTS_DIR; };
		4C0FB9875C93F3319C47ADDA /* Pods-SelfTestTests.release.xcconfig */ = {isa = PBXFileReference; includeInIndex = 1; lastKnownFileType = text.xcconfig; name = "Pods-SelfTestTests.release.xcconfig"; path = "Target Support Files/Pods-SelfTestTests/Pods-SelfTestTests.release.xcconfig"; sourceTree = "<group>"; };
		676F065D534495AF787BCD9C /* Pods-SelfTest.debug.xcconfig */ = {isa = PBXFileReference; includeInIndex = 1; lastKnownFileType = text.xcconfig; name = "Pods-SelfTest.debug.xcconfig"; path = "Target Support Files/Pods-SelfTest/Pods-SelfTest.debug.xcconfig"; sourceTree = "<group>"; };
		7236A679C3B8DD394F122314 /* Pods-SelfTest-SelfTestUITests.release.xcconfig */ = {isa = PBXFileReference; includeInIndex = 1; lastKnownFileType = text.xcconfig; name = "Pods-SelfTest-SelfTestUITests.release.xcconfig"; path = "Target Support Files/Pods-SelfTest-SelfTestUITests/Pods-SelfTest-SelfTestUITests.release.xcconfig"; sourceTree = "<group>"; };
		8C9D5E61754C85316BB68871 /* Pods-SelfTest.release.xcconfig */ = {isa = PBXFileReference; includeInIndex = 1; lastKnownFileType = text.xcconfig; name = "Pods-SelfTest.release.xcconfig"; path = "Target Support Files/Pods-SelfTest/Pods-SelfTest.release.xcconfig"; sourceTree = "<group>"; };
		A5EEC7912B8AA7DC49F24D9E /* Pods_SelfTest_SelfTestUITests.framework */ = {isa = PBXFileReference; explicitFileType = wrapper.framework; includeInIndex = 0; path = Pods_SelfTest_SelfTestUITests.framework; sourceTree = BUILT_PRODUCTS_DIR; };
		DF0949922B2DFCC000D8642C /* SelfTest.app */ = {isa = PBXFileReference; explicitFileType = wrapper.application; includeInIndex = 0; path = SelfTest.app; sourceTree = BUILT_PRODUCTS_DIR; };
		DF0949952B2DFCC000D8642C /* AppDelegate.swift */ = {isa = PBXFileReference; lastKnownFileType = sourcecode.swift; path = AppDelegate.swift; sourceTree = "<group>"; };
		DF0949972B2DFCC000D8642C /* SceneDelegate.swift */ = {isa = PBXFileReference; lastKnownFileType = sourcecode.swift; path = SceneDelegate.swift; sourceTree = "<group>"; };
		DF09499E2B2DFCC000D8642C /* Assets.xcassets */ = {isa = PBXFileReference; lastKnownFileType = folder.assetcatalog; path = Assets.xcassets; sourceTree = "<group>"; };
		DF0949A32B2DFCC000D8642C /* Info.plist */ = {isa = PBXFileReference; lastKnownFileType = text.plist.xml; path = Info.plist; sourceTree = "<group>"; };
		DF0949A82B2DFCC100D8642C /* SelfTestTests.xctest */ = {isa = PBXFileReference; explicitFileType = wrapper.cfbundle; includeInIndex = 0; path = SelfTestTests.xctest; sourceTree = BUILT_PRODUCTS_DIR; };
		DF0949AC2B2DFCC100D8642C /* SelfTestTests.swift */ = {isa = PBXFileReference; lastKnownFileType = sourcecode.swift; path = SelfTestTests.swift; sourceTree = "<group>"; };
		DF0949B22B2DFCC100D8642C /* SelfTestUITests.xctest */ = {isa = PBXFileReference; explicitFileType = wrapper.cfbundle; includeInIndex = 0; path = SelfTestUITests.xctest; sourceTree = BUILT_PRODUCTS_DIR; };
		DF0949B62B2DFCC100D8642C /* SelfTestUITests.swift */ = {isa = PBXFileReference; lastKnownFileType = sourcecode.swift; path = SelfTestUITests.swift; sourceTree = "<group>"; };
		DF0949B82B2DFCC100D8642C /* SelfTestUITestsLaunchTests.swift */ = {isa = PBXFileReference; lastKnownFileType = sourcecode.swift; path = SelfTestUITestsLaunchTests.swift; sourceTree = "<group>"; };
		DF0949D82B2E017700D8642C /* Main.storyboard */ = {isa = PBXFileReference; lastKnownFileType = file.storyboard; path = Main.storyboard; sourceTree = "<group>"; };
		DF0949DA2B2E02F900D8642C /* StartTest.storyboard */ = {isa = PBXFileReference; lastKnownFileType = file.storyboard; path = StartTest.storyboard; sourceTree = "<group>"; };
		DF43EBAE2B60A12500A78CBC /* テーマソング.mp3 */ = {isa = PBXFileReference; lastKnownFileType = audio.mp3; name = "テーマソング.mp3"; path = "SelfTest/Image&Song Data/テーマソング.mp3"; sourceTree = SOURCE_ROOT; };
		DF43EBB02B60A12F00A78CBC /* クイズ不正解.mp3 */ = {isa = PBXFileReference; lastKnownFileType = audio.mp3; name = "クイズ不正解.mp3"; path = "SelfTest/Image&Song Data/クイズ不正解.mp3"; sourceTree = SOURCE_ROOT; };
		DF43EBB12B60A12F00A78CBC /* クイズ正解.mp3 */ = {isa = PBXFileReference; lastKnownFileType = audio.mp3; name = "クイズ正解.mp3"; path = "SelfTest/Image&Song Data/クイズ正解.mp3"; sourceTree = SOURCE_ROOT; };
		DF43EBB42B60A4B600A78CBC /* セルフテストロゴ.png */ = {isa = PBXFileReference; lastKnownFileType = image.png; name = "セルフテストロゴ.png"; path = "SelfTest/Image&Song Data/セルフテストロゴ.png"; sourceTree = SOURCE_ROOT; };
		DF43EBB72B60B96E00A78CBC /* correct.png */ = {isa = PBXFileReference; lastKnownFileType = image.png; path = correct.png; sourceTree = "<group>"; };
		DF43EBB82B60B96E00A78CBC /* incorrect.png */ = {isa = PBXFileReference; lastKnownFileType = image.png; path = incorrect.png; sourceTree = "<group>"; };
		DF4B3F2B2B9591C7007F2AE3 /* StartFiveSentenceTest.storyboard */ = {isa = PBXFileReference; lastKnownFileType = file.storyboard; path = StartFiveSentenceTest.storyboard; sourceTree = "<group>"; };
		DF4B3F2D2B959368007F2AE3 /* FiveSentenceCreateViewController.swift */ = {isa = PBXFileReference; lastKnownFileType = sourcecode.swift; path = FiveSentenceCreateViewController.swift; sourceTree = "<group>"; };
		DF4B3F2F2B959384007F2AE3 /* FiveSentenceEditViewController.swift */ = {isa = PBXFileReference; lastKnownFileType = sourcecode.swift; path = FiveSentenceEditViewController.swift; sourceTree = "<group>"; };
		DF4B3F312B9593DC007F2AE3 /* FiveSentenceCreate.storyboard */ = {isa = PBXFileReference; lastKnownFileType = file.storyboard; path = FiveSentenceCreate.storyboard; sourceTree = "<group>"; };
		DF4B3F332B95B94B007F2AE3 /* StartFiveSentenceTestViewController.swift */ = {isa = PBXFileReference; lastKnownFileType = sourcecode.swift; path = StartFiveSentenceTestViewController.swift; sourceTree = "<group>"; };
		DF4B3F352B9602CD007F2AE3 /* ResultFiveTestViewController.swift */ = {isa = PBXFileReference; lastKnownFileType = sourcecode.swift; path = ResultFiveTestViewController.swift; sourceTree = "<group>"; };
		DF4B3F372B96C473007F2AE3 /* FiveSentenceEdit.storyboard */ = {isa = PBXFileReference; lastKnownFileType = file.storyboard; path = FiveSentenceEdit.storyboard; sourceTree = "<group>"; };
		DF4B3F3E2B982F2B007F2AE3 /* TestSelect.storyboard */ = {isa = PBXFileReference; lastKnownFileType = file.storyboard; path = TestSelect.storyboard; sourceTree = "<group>"; };
		DF4B3F402B982F46007F2AE3 /* TenSentenceCreate.storyboard */ = {isa = PBXFileReference; lastKnownFileType = file.storyboard; path = TenSentenceCreate.storyboard; sourceTree = "<group>"; };
		DF4B3F422B982F5A007F2AE3 /* SelectCreate.storyboard */ = {isa = PBXFileReference; lastKnownFileType = file.storyboard; path = SelectCreate.storyboard; sourceTree = "<group>"; };
		DF4B3F442B982F69007F2AE3 /* TenSentenceEdit.storyboard */ = {isa = PBXFileReference; lastKnownFileType = file.storyboard; path = TenSentenceEdit.storyboard; sourceTree = "<group>"; };
		DF4B3F462B982F75007F2AE3 /* SelectEdit.storyboard */ = {isa = PBXFileReference; lastKnownFileType = file.storyboard; path = SelectEdit.storyboard; sourceTree = "<group>"; };
		DF4B3F482B982FAF007F2AE3 /* KindTest.storyboard */ = {isa = PBXFileReference; lastKnownFileType = file.storyboard; path = KindTest.storyboard; sourceTree = "<group>"; };
		DF50453B2B5A35120046B3FD /* StartSelectTest.storyboard */ = {isa = PBXFileReference; lastKnownFileType = file.storyboard; path = StartSelectTest.storyboard; sourceTree = "<group>"; };
		DFADAA482B7C443800B14BCB /* ContentTestTableViewCell.xib */ = {isa = PBXFileReference; fileEncoding = 4; lastKnownFileType = file.xib; path = ContentTestTableViewCell.xib; sourceTree = "<group>"; };
		DFADAA492B7C443800B14BCB /* SelectTestTableViewCell.swift */ = {isa = PBXFileReference; fileEncoding = 4; lastKnownFileType = sourcecode.swift; path = SelectTestTableViewCell.swift; sourceTree = "<group>"; };
		DFADAA4A2B7C443800B14BCB /* TestTableViewCell.xib */ = {isa = PBXFileReference; fileEncoding = 4; lastKnownFileType = file.xib; path = TestTableViewCell.xib; sourceTree = "<group>"; };
		DFADAA4B2B7C443800B14BCB /* ContentTestTableViewCell.swift */ = {isa = PBXFileReference; fileEncoding = 4; lastKnownFileType = sourcecode.swift; path = ContentTestTableViewCell.swift; sourceTree = "<group>"; };
		DFADAA4C2B7C443800B14BCB /* SelectTestTableViewCell.xib */ = {isa = PBXFileReference; fileEncoding = 4; lastKnownFileType = file.xib; path = SelectTestTableViewCell.xib; sourceTree = "<group>"; };
		DFADAA4D2B7C443800B14BCB /* TestTableViewCell.swift */ = {isa = PBXFileReference; fileEncoding = 4; lastKnownFileType = sourcecode.swift; path = TestTableViewCell.swift; sourceTree = "<group>"; };
		DFADAA552B7C444600B14BCB /* TestYobiDataModel.swift */ = {isa = PBXFileReference; fileEncoding = 4; lastKnownFileType = sourcecode.swift; path = TestYobiDataModel.swift; sourceTree = "<group>"; };
		DFADAA562B7C444600B14BCB /* TestDataModel.swift */ = {isa = PBXFileReference; fileEncoding = 4; lastKnownFileType = sourcecode.swift; path = TestDataModel.swift; sourceTree = "<group>"; };
		DFADAA5B2B7C447000B14BCB /* ResultViewController.swift */ = {isa = PBXFileReference; fileEncoding = 4; lastKnownFileType = sourcecode.swift; path = ResultViewController.swift; sourceTree = "<group>"; };
		DFADAA5C2B7C447000B14BCB /* SelectEditViewController.swift */ = {isa = PBXFileReference; fileEncoding = 4; lastKnownFileType = sourcecode.swift; path = SelectEditViewController.swift; sourceTree = "<group>"; };
		DFADAA5D2B7C447000B14BCB /* SelectTestViewController.swift */ = {isa = PBXFileReference; fileEncoding = 4; lastKnownFileType = sourcecode.swift; path = SelectTestViewController.swift; sourceTree = "<group>"; };
		DFADAA602B7C447000B14BCB /* CreateNewViewController.swift */ = {isa = PBXFileReference; fileEncoding = 4; lastKnownFileType = sourcecode.swift; path = CreateNewViewController.swift; sourceTree = "<group>"; };
		DFADAA612B7C447000B14BCB /* HomeViewController.swift */ = {isa = PBXFileReference; fileEncoding = 4; lastKnownFileType = sourcecode.swift; path = HomeViewController.swift; sourceTree = "<group>"; };
		DFADAA622B7C447000B14BCB /* ResultSelectTestViewController.swift */ = {isa = PBXFileReference; fileEncoding = 4; lastKnownFileType = sourcecode.swift; path = ResultSelectTestViewController.swift; sourceTree = "<group>"; };
		DFADAA632B7C447000B14BCB /* StartViewController.swift */ = {isa = PBXFileReference; fileEncoding = 4; lastKnownFileType = sourcecode.swift; path = StartViewController.swift; sourceTree = "<group>"; };
		DFADAA642B7C447000B14BCB /* TenSentenceEditViewController.swift */ = {isa = PBXFileReference; fileEncoding = 4; lastKnownFileType = sourcecode.swift; path = TenSentenceEditViewController.swift; sourceTree = "<group>"; };
		DFADAA652B7C447000B14BCB /* SelectCreateViewController.swift */ = {isa = PBXFileReference; fileEncoding = 4; lastKnownFileType = sourcecode.swift; path = SelectCreateViewController.swift; sourceTree = "<group>"; };
		DFADAA672B7C447000B14BCB /* TenSentenceCreateViewController.swift */ = {isa = PBXFileReference; fileEncoding = 4; lastKnownFileType = sourcecode.swift; path = TenSentenceCreateViewController.swift; sourceTree = "<group>"; };
		DFADAA682B7C447000B14BCB /* StartSelectTestViewController.swift */ = {isa = PBXFileReference; fileEncoding = 4; lastKnownFileType = sourcecode.swift; path = StartSelectTestViewController.swift; sourceTree = "<group>"; };
		DFADAA782B7C448000B14BCB /* Constant.swift */ = {isa = PBXFileReference; fileEncoding = 4; lastKnownFileType = sourcecode.swift; path = Constant.swift; sourceTree = "<group>"; };
		EEA782B9CFE5FD4F9F204801 /* Pods-SelfTestTests.debug.xcconfig */ = {isa = PBXFileReference; includeInIndex = 1; lastKnownFileType = text.xcconfig; name = "Pods-SelfTestTests.debug.xcconfig"; path = "Target Support Files/Pods-SelfTestTests/Pods-SelfTestTests.debug.xcconfig"; sourceTree = "<group>"; };
/* End PBXFileReference section */

/* Begin PBXFrameworksBuildPhase section */
		DF09498F2B2DFCC000D8642C /* Frameworks */ = {
			isa = PBXFrameworksBuildPhase;
			buildActionMask = 2147483647;
			files = (
				2DC1191AAF7FF18116722085 /* Pods_SelfTest.framework in Frameworks */,
			);
			runOnlyForDeploymentPostprocessing = 0;
		};
		DF0949A52B2DFCC100D8642C /* Frameworks */ = {
			isa = PBXFrameworksBuildPhase;
			buildActionMask = 2147483647;
			files = (
				7A90B32AF4643A4BB8A82492 /* Pods_SelfTestTests.framework in Frameworks */,
			);
			runOnlyForDeploymentPostprocessing = 0;
		};
		DF0949AF2B2DFCC100D8642C /* Frameworks */ = {
			isa = PBXFrameworksBuildPhase;
			buildActionMask = 2147483647;
			files = (
				7336E54E02E94C29B8941B1B /* Pods_SelfTest_SelfTestUITests.framework in Frameworks */,
			);
			runOnlyForDeploymentPostprocessing = 0;
		};
/* End PBXFrameworksBuildPhase section */

/* Begin PBXGroup section */
		2827E11FE6D2C690A8C1522F /* Frameworks */ = {
			isa = PBXGroup;
			children = (
				27FD6757A70E4C7C1B1E648D /* Pods_SelfTest.framework */,
				A5EEC7912B8AA7DC49F24D9E /* Pods_SelfTest_SelfTestUITests.framework */,
				334DEFBDD6C9B10E14010789 /* Pods_SelfTestTests.framework */,
			);
			name = Frameworks;
			sourceTree = "<group>";
		};
		DF0949892B2DFCC000D8642C = {
			isa = PBXGroup;
			children = (
				DF0949942B2DFCC000D8642C /* SelfTest */,
				DF0949AB2B2DFCC100D8642C /* SelfTestTests */,
				DF0949B52B2DFCC100D8642C /* SelfTestUITests */,
				DF0949932B2DFCC000D8642C /* Products */,
				EFFE06DB4CA064CE09E4161B /* Pods */,
				2827E11FE6D2C690A8C1522F /* Frameworks */,
			);
			sourceTree = "<group>";
		};
		DF0949932B2DFCC000D8642C /* Products */ = {
			isa = PBXGroup;
			children = (
				DF0949922B2DFCC000D8642C /* SelfTest.app */,
				DF0949A82B2DFCC100D8642C /* SelfTestTests.xctest */,
				DF0949B22B2DFCC100D8642C /* SelfTestUITests.xctest */,
			);
			name = Products;
			sourceTree = "<group>";
		};
		DF0949942B2DFCC000D8642C /* SelfTest */ = {
			isa = PBXGroup;
			children = (
				DFADAA592B7C447000B14BCB /* Controller */,
				DFADAA542B7C444600B14BCB /* Model */,
				DFADAA472B7C443800B14BCB /* Cell */,
				DF43EBB62B60A4EB00A78CBC /* Image&Song Data */,
				DF0949DC2B2E037400D8642C /* Storyboard */,
				DF0949D52B2DFE3100D8642C /* Delegate */,
				DFADAA782B7C448000B14BCB /* Constant.swift */,
				DF09499E2B2DFCC000D8642C /* Assets.xcassets */,
				DF0949A32B2DFCC000D8642C /* Info.plist */,
			);
			path = SelfTest;
			sourceTree = "<group>";
		};
		DF0949AB2B2DFCC100D8642C /* SelfTestTests */ = {
			isa = PBXGroup;
			children = (
				DF0949AC2B2DFCC100D8642C /* SelfTestTests.swift */,
			);
			path = SelfTestTests;
			sourceTree = "<group>";
		};
		DF0949B52B2DFCC100D8642C /* SelfTestUITests */ = {
			isa = PBXGroup;
			children = (
				DF0949B62B2DFCC100D8642C /* SelfTestUITests.swift */,
				DF0949B82B2DFCC100D8642C /* SelfTestUITestsLaunchTests.swift */,
			);
			path = SelfTestUITests;
			sourceTree = "<group>";
		};
		DF0949D52B2DFE3100D8642C /* Delegate */ = {
			isa = PBXGroup;
			children = (
				DF0949952B2DFCC000D8642C /* AppDelegate.swift */,
				DF0949972B2DFCC000D8642C /* SceneDelegate.swift */,
			);
			path = Delegate;
			sourceTree = "<group>";
		};
		DF0949DC2B2E037400D8642C /* Storyboard */ = {
			isa = PBXGroup;
			children = (
				DF0949D82B2E017700D8642C /* Main.storyboard */,
				DF4B3F3E2B982F2B007F2AE3 /* TestSelect.storyboard */,
				DF4B3F482B982FAF007F2AE3 /* KindTest.storyboard */,
				DF4B3F312B9593DC007F2AE3 /* FiveSentenceCreate.storyboard */,
				DF4B3F402B982F46007F2AE3 /* TenSentenceCreate.storyboard */,
				DF4B3F422B982F5A007F2AE3 /* SelectCreate.storyboard */,
				DF4B3F372B96C473007F2AE3 /* FiveSentenceEdit.storyboard */,
				DF4B3F442B982F69007F2AE3 /* TenSentenceEdit.storyboard */,
				DF4B3F462B982F75007F2AE3 /* SelectEdit.storyboard */,
				DF0949DA2B2E02F900D8642C /* StartTest.storyboard */,
				DF50453B2B5A35120046B3FD /* StartSelectTest.storyboard */,
				DF4B3F2B2B9591C7007F2AE3 /* StartFiveSentenceTest.storyboard */,
			);
			name = Storyboard;
			path = ..;
			sourceTree = "<group>";
		};
		DF43EBB62B60A4EB00A78CBC /* Image&Song Data */ = {
			isa = PBXGroup;
			children = (
				DF43EBB72B60B96E00A78CBC /* correct.png */,
				DF43EBB82B60B96E00A78CBC /* incorrect.png */,
				DF43EBB42B60A4B600A78CBC /* セルフテストロゴ.png */,
				DF43EBB12B60A12F00A78CBC /* クイズ正解.mp3 */,
				DF43EBB02B60A12F00A78CBC /* クイズ不正解.mp3 */,
				DF43EBAE2B60A12500A78CBC /* テーマソング.mp3 */,
			);
			path = "Image&Song Data";
			sourceTree = "<group>";
		};
		DF4B3F3B2B970449007F2AE3 /* StentenceTest */ = {
			isa = PBXGroup;
			children = (
				DFADAA672B7C447000B14BCB /* TenSentenceCreateViewController.swift */,
				DFADAA642B7C447000B14BCB /* TenSentenceEditViewController.swift */,
				DFADAA632B7C447000B14BCB /* StartViewController.swift */,
				DFADAA5B2B7C447000B14BCB /* ResultViewController.swift */,
			);
			path = StentenceTest;
			sourceTree = "<group>";
		};
		DF4B3F3C2B970458007F2AE3 /* FiveSentenceTest */ = {
			isa = PBXGroup;
			children = (
				DF4B3F2D2B959368007F2AE3 /* FiveSentenceCreateViewController.swift */,
				DF4B3F2F2B959384007F2AE3 /* FiveSentenceEditViewController.swift */,
				DF4B3F332B95B94B007F2AE3 /* StartFiveSentenceTestViewController.swift */,
				DF4B3F352B9602CD007F2AE3 /* ResultFiveTestViewController.swift */,
			);
			path = FiveSentenceTest;
			sourceTree = "<group>";
		};
		DF4B3F3D2B970462007F2AE3 /* SelectTest */ = {
			isa = PBXGroup;
			children = (
				DFADAA652B7C447000B14BCB /* SelectCreateViewController.swift */,
				DFADAA5C2B7C447000B14BCB /* SelectEditViewController.swift */,
				DFADAA682B7C447000B14BCB /* StartSelectTestViewController.swift */,
				DFADAA622B7C447000B14BCB /* ResultSelectTestViewController.swift */,
			);
			path = SelectTest;
			sourceTree = "<group>";
		};
		DFADAA472B7C443800B14BCB /* Cell */ = {
			isa = PBXGroup;
			children = (
				DFADAA482B7C443800B14BCB /* ContentTestTableViewCell.xib */,
				DFADAA492B7C443800B14BCB /* SelectTestTableViewCell.swift */,
				DFADAA4A2B7C443800B14BCB /* TestTableViewCell.xib */,
				DFADAA4B2B7C443800B14BCB /* ContentTestTableViewCell.swift */,
				DFADAA4C2B7C443800B14BCB /* SelectTestTableViewCell.xib */,
				DFADAA4D2B7C443800B14BCB /* TestTableViewCell.swift */,
			);
			path = Cell;
			sourceTree = "<group>";
		};
		DFADAA542B7C444600B14BCB /* Model */ = {
			isa = PBXGroup;
			children = (
				DFADAA552B7C444600B14BCB /* TestYobiDataModel.swift */,
				DFADAA562B7C444600B14BCB /* TestDataModel.swift */,
			);
			path = Model;
			sourceTree = "<group>";
		};
		DFADAA592B7C447000B14BCB /* Controller */ = {
			isa = PBXGroup;
			children = (
				DFADAA612B7C447000B14BCB /* HomeViewController.swift */,
				DFADAA5D2B7C447000B14BCB /* SelectTestViewController.swift */,
				DFADAA602B7C447000B14BCB /* CreateNewViewController.swift */,
				DF4B3F3B2B970449007F2AE3 /* StentenceTest */,
				DF4B3F3C2B970458007F2AE3 /* FiveSentenceTest */,
				DF4B3F3D2B970462007F2AE3 /* SelectTest */,
			);
			path = Controller;
			sourceTree = "<group>";
		};
		EFFE06DB4CA064CE09E4161B /* Pods */ = {
			isa = PBXGroup;
			children = (
				676F065D534495AF787BCD9C /* Pods-SelfTest.debug.xcconfig */,
				8C9D5E61754C85316BB68871 /* Pods-SelfTest.release.xcconfig */,
				19037791B57E68E3AB7EC5F6 /* Pods-SelfTest-SelfTestUITests.debug.xcconfig */,
				7236A679C3B8DD394F122314 /* Pods-SelfTest-SelfTestUITests.release.xcconfig */,
				EEA782B9CFE5FD4F9F204801 /* Pods-SelfTestTests.debug.xcconfig */,
				4C0FB9875C93F3319C47ADDA /* Pods-SelfTestTests.release.xcconfig */,
			);
			path = Pods;
			sourceTree = "<group>";
		};
/* End PBXGroup section */

/* Begin PBXNativeTarget section */
		DF0949912B2DFCC000D8642C /* SelfTest */ = {
			isa = PBXNativeTarget;
			buildConfigurationList = DF0949BC2B2DFCC100D8642C /* Build configuration list for PBXNativeTarget "SelfTest" */;
			buildPhases = (
				1DE1DB2E163F4C0443D87A39 /* [CP] Check Pods Manifest.lock */,
				DF09498E2B2DFCC000D8642C /* Sources */,
				DF09498F2B2DFCC000D8642C /* Frameworks */,
				DF0949902B2DFCC000D8642C /* Resources */,
				E9088203102281A91B50DC22 /* [CP] Embed Pods Frameworks */,
			);
			buildRules = (
			);
			dependencies = (
			);
			name = SelfTest;
			productName = SelfTest;
			productReference = DF0949922B2DFCC000D8642C /* SelfTest.app */;
			productType = "com.apple.product-type.application";
		};
		DF0949A72B2DFCC100D8642C /* SelfTestTests */ = {
			isa = PBXNativeTarget;
			buildConfigurationList = DF0949BF2B2DFCC100D8642C /* Build configuration list for PBXNativeTarget "SelfTestTests" */;
			buildPhases = (
				04A759CA6DD9580C877857D1 /* [CP] Check Pods Manifest.lock */,
				DF0949A42B2DFCC100D8642C /* Sources */,
				DF0949A52B2DFCC100D8642C /* Frameworks */,
				DF0949A62B2DFCC100D8642C /* Resources */,
			);
			buildRules = (
			);
			dependencies = (
				DF0949AA2B2DFCC100D8642C /* PBXTargetDependency */,
			);
			name = SelfTestTests;
			productName = SelfTestTests;
			productReference = DF0949A82B2DFCC100D8642C /* SelfTestTests.xctest */;
			productType = "com.apple.product-type.bundle.unit-test";
		};
		DF0949B12B2DFCC100D8642C /* SelfTestUITests */ = {
			isa = PBXNativeTarget;
			buildConfigurationList = DF0949C22B2DFCC100D8642C /* Build configuration list for PBXNativeTarget "SelfTestUITests" */;
			buildPhases = (
				28F61862AB82936F796B7ADE /* [CP] Check Pods Manifest.lock */,
				DF0949AE2B2DFCC100D8642C /* Sources */,
				DF0949AF2B2DFCC100D8642C /* Frameworks */,
				DF0949B02B2DFCC100D8642C /* Resources */,
				9C6E59C818DA583640B2CA96 /* [CP] Embed Pods Frameworks */,
			);
			buildRules = (
			);
			dependencies = (
				DF0949B42B2DFCC100D8642C /* PBXTargetDependency */,
			);
			name = SelfTestUITests;
			productName = SelfTestUITests;
			productReference = DF0949B22B2DFCC100D8642C /* SelfTestUITests.xctest */;
			productType = "com.apple.product-type.bundle.ui-testing";
		};
/* End PBXNativeTarget section */

/* Begin PBXProject section */
		DF09498A2B2DFCC000D8642C /* Project object */ = {
			isa = PBXProject;
			attributes = {
				BuildIndependentTargetsInParallel = 1;
				LastSwiftUpdateCheck = 1500;
				LastUpgradeCheck = 1500;
				TargetAttributes = {
					DF0949912B2DFCC000D8642C = {
						CreatedOnToolsVersion = 15.0.1;
					};
					DF0949A72B2DFCC100D8642C = {
						CreatedOnToolsVersion = 15.0.1;
						TestTargetID = DF0949912B2DFCC000D8642C;
					};
					DF0949B12B2DFCC100D8642C = {
						CreatedOnToolsVersion = 15.0.1;
						TestTargetID = DF0949912B2DFCC000D8642C;
					};
				};
			};
			buildConfigurationList = DF09498D2B2DFCC000D8642C /* Build configuration list for PBXProject "SelfTest" */;
			compatibilityVersion = "Xcode 14.0";
			developmentRegion = en;
			hasScannedForEncodings = 0;
			knownRegions = (
				en,
				Base,
			);
			mainGroup = DF0949892B2DFCC000D8642C;
			productRefGroup = DF0949932B2DFCC000D8642C /* Products */;
			projectDirPath = "";
			projectRoot = "";
			targets = (
				DF0949912B2DFCC000D8642C /* SelfTest */,
				DF0949A72B2DFCC100D8642C /* SelfTestTests */,
				DF0949B12B2DFCC100D8642C /* SelfTestUITests */,
			);
		};
/* End PBXProject section */

/* Begin PBXResourcesBuildPhase section */
		DF0949902B2DFCC000D8642C /* Resources */ = {
			isa = PBXResourcesBuildPhase;
			buildActionMask = 2147483647;
			files = (
				DF0949DB2B2E02F900D8642C /* StartTest.storyboard in Resources */,
				DF4B3F3F2B982F2B007F2AE3 /* TestSelect.storyboard in Resources */,
				DF4B3F2C2B9591C7007F2AE3 /* StartFiveSentenceTest.storyboard in Resources */,
				DFADAA522B7C443800B14BCB /* SelectTestTableViewCell.xib in Resources */,
				DF43EBB52B60A4B600A78CBC /* セルフテストロゴ.png in Resources */,
				DF0949D92B2E017700D8642C /* Main.storyboard in Resources */,
				DFADAA4E2B7C443800B14BCB /* ContentTestTableViewCell.xib in Resources */,
				DF4B3F412B982F46007F2AE3 /* TenSentenceCreate.storyboard in Resources */,
				DF4B3F492B982FAF007F2AE3 /* KindTest.storyboard in Resources */,
				DF09499F2B2DFCC000D8642C /* Assets.xcassets in Resources */,
				DF43EBB32B60A12F00A78CBC /* クイズ正解.mp3 in Resources */,
				DF43EBAF2B60A12500A78CBC /* テーマソング.mp3 in Resources */,
				DF4B3F322B9593DC007F2AE3 /* FiveSentenceCreate.storyboard in Resources */,
				DF50453C2B5A35120046B3FD /* StartSelectTest.storyboard in Resources */,
				DF4B3F452B982F69007F2AE3 /* TenSentenceEdit.storyboard in Resources */,
				DF4B3F382B96C473007F2AE3 /* FiveSentenceEdit.storyboard in Resources */,
				DF43EBB92B60B96E00A78CBC /* correct.png in Resources */,
				DF43EBB22B60A12F00A78CBC /* クイズ不正解.mp3 in Resources */,
				DF4B3F432B982F5A007F2AE3 /* SelectCreate.storyboard in Resources */,
				DFADAA502B7C443800B14BCB /* TestTableViewCell.xib in Resources */,
				DF43EBBA2B60B96E00A78CBC /* incorrect.png in Resources */,
				DF4B3F472B982F75007F2AE3 /* SelectEdit.storyboard in Resources */,
			);
			runOnlyForDeploymentPostprocessing = 0;
		};
		DF0949A62B2DFCC100D8642C /* Resources */ = {
			isa = PBXResourcesBuildPhase;
			buildActionMask = 2147483647;
			files = (
			);
			runOnlyForDeploymentPostprocessing = 0;
		};
		DF0949B02B2DFCC100D8642C /* Resources */ = {
			isa = PBXResourcesBuildPhase;
			buildActionMask = 2147483647;
			files = (
			);
			runOnlyForDeploymentPostprocessing = 0;
		};
/* End PBXResourcesBuildPhase section */

/* Begin PBXShellScriptBuildPhase section */
		04A759CA6DD9580C877857D1 /* [CP] Check Pods Manifest.lock */ = {
			isa = PBXShellScriptBuildPhase;
			buildActionMask = 2147483647;
			files = (
			);
			inputFileListPaths = (
			);
			inputPaths = (
				"${PODS_PODFILE_DIR_PATH}/Podfile.lock",
				"${PODS_ROOT}/Manifest.lock",
			);
			name = "[CP] Check Pods Manifest.lock";
			outputFileListPaths = (
			);
			outputPaths = (
				"$(DERIVED_FILE_DIR)/Pods-SelfTestTests-checkManifestLockResult.txt",
			);
			runOnlyForDeploymentPostprocessing = 0;
			shellPath = /bin/sh;
			shellScript = "diff \"${PODS_PODFILE_DIR_PATH}/Podfile.lock\" \"${PODS_ROOT}/Manifest.lock\" > /dev/null\nif [ $? != 0 ] ; then\n    # print error to STDERR\n    echo \"error: The sandbox is not in sync with the Podfile.lock. Run 'pod install' or update your CocoaPods installation.\" >&2\n    exit 1\nfi\n# This output is used by Xcode 'outputs' to avoid re-running this script phase.\necho \"SUCCESS\" > \"${SCRIPT_OUTPUT_FILE_0}\"\n";
			showEnvVarsInLog = 0;
		};
		1DE1DB2E163F4C0443D87A39 /* [CP] Check Pods Manifest.lock */ = {
			isa = PBXShellScriptBuildPhase;
			buildActionMask = 2147483647;
			files = (
			);
			inputFileListPaths = (
			);
			inputPaths = (
				"${PODS_PODFILE_DIR_PATH}/Podfile.lock",
				"${PODS_ROOT}/Manifest.lock",
			);
			name = "[CP] Check Pods Manifest.lock";
			outputFileListPaths = (
			);
			outputPaths = (
				"$(DERIVED_FILE_DIR)/Pods-SelfTest-checkManifestLockResult.txt",
			);
			runOnlyForDeploymentPostprocessing = 0;
			shellPath = /bin/sh;
			shellScript = "diff \"${PODS_PODFILE_DIR_PATH}/Podfile.lock\" \"${PODS_ROOT}/Manifest.lock\" > /dev/null\nif [ $? != 0 ] ; then\n    # print error to STDERR\n    echo \"error: The sandbox is not in sync with the Podfile.lock. Run 'pod install' or update your CocoaPods installation.\" >&2\n    exit 1\nfi\n# This output is used by Xcode 'outputs' to avoid re-running this script phase.\necho \"SUCCESS\" > \"${SCRIPT_OUTPUT_FILE_0}\"\n";
			showEnvVarsInLog = 0;
		};
		28F61862AB82936F796B7ADE /* [CP] Check Pods Manifest.lock */ = {
			isa = PBXShellScriptBuildPhase;
			buildActionMask = 2147483647;
			files = (
			);
			inputFileListPaths = (
			);
			inputPaths = (
				"${PODS_PODFILE_DIR_PATH}/Podfile.lock",
				"${PODS_ROOT}/Manifest.lock",
			);
			name = "[CP] Check Pods Manifest.lock";
			outputFileListPaths = (
			);
			outputPaths = (
				"$(DERIVED_FILE_DIR)/Pods-SelfTest-SelfTestUITests-checkManifestLockResult.txt",
			);
			runOnlyForDeploymentPostprocessing = 0;
			shellPath = /bin/sh;
			shellScript = "diff \"${PODS_PODFILE_DIR_PATH}/Podfile.lock\" \"${PODS_ROOT}/Manifest.lock\" > /dev/null\nif [ $? != 0 ] ; then\n    # print error to STDERR\n    echo \"error: The sandbox is not in sync with the Podfile.lock. Run 'pod install' or update your CocoaPods installation.\" >&2\n    exit 1\nfi\n# This output is used by Xcode 'outputs' to avoid re-running this script phase.\necho \"SUCCESS\" > \"${SCRIPT_OUTPUT_FILE_0}\"\n";
			showEnvVarsInLog = 0;
		};
		9C6E59C818DA583640B2CA96 /* [CP] Embed Pods Frameworks */ = {
			isa = PBXShellScriptBuildPhase;
			buildActionMask = 2147483647;
			files = (
			);
			inputFileListPaths = (
				"${PODS_ROOT}/Target Support Files/Pods-SelfTest-SelfTestUITests/Pods-SelfTest-SelfTestUITests-frameworks-${CONFIGURATION}-input-files.xcfilelist",
			);
			name = "[CP] Embed Pods Frameworks";
			outputFileListPaths = (
				"${PODS_ROOT}/Target Support Files/Pods-SelfTest-SelfTestUITests/Pods-SelfTest-SelfTestUITests-frameworks-${CONFIGURATION}-output-files.xcfilelist",
			);
			runOnlyForDeploymentPostprocessing = 0;
			shellPath = /bin/sh;
			shellScript = "\"${PODS_ROOT}/Target Support Files/Pods-SelfTest-SelfTestUITests/Pods-SelfTest-SelfTestUITests-frameworks.sh\"\n";
			showEnvVarsInLog = 0;
		};
		E9088203102281A91B50DC22 /* [CP] Embed Pods Frameworks */ = {
			isa = PBXShellScriptBuildPhase;
			buildActionMask = 2147483647;
			files = (
			);
			inputFileListPaths = (
				"${PODS_ROOT}/Target Support Files/Pods-SelfTest/Pods-SelfTest-frameworks-${CONFIGURATION}-input-files.xcfilelist",
			);
			name = "[CP] Embed Pods Frameworks";
			outputFileListPaths = (
				"${PODS_ROOT}/Target Support Files/Pods-SelfTest/Pods-SelfTest-frameworks-${CONFIGURATION}-output-files.xcfilelist",
			);
			runOnlyForDeploymentPostprocessing = 0;
			shellPath = /bin/sh;
			shellScript = "\"${PODS_ROOT}/Target Support Files/Pods-SelfTest/Pods-SelfTest-frameworks.sh\"\n";
			showEnvVarsInLog = 0;
		};
/* End PBXShellScriptBuildPhase section */

/* Begin PBXSourcesBuildPhase section */
		DF09498E2B2DFCC000D8642C /* Sources */ = {
			isa = PBXSourcesBuildPhase;
			buildActionMask = 2147483647;
			files = (
				DF4B3F362B9602CD007F2AE3 /* ResultFiveTestViewController.swift in Sources */,
				DFADAA732B7C447000B14BCB /* TenSentenceEditViewController.swift in Sources */,
				DFADAA762B7C447000B14BCB /* TenSentenceCreateViewController.swift in Sources */,
				DFADAA572B7C444600B14BCB /* TestYobiDataModel.swift in Sources */,
				DFADAA512B7C443800B14BCB /* ContentTestTableViewCell.swift in Sources */,
				DFADAA742B7C447000B14BCB /* SelectCreateViewController.swift in Sources */,
				DFADAA532B7C443800B14BCB /* TestTableViewCell.swift in Sources */,
				DF0949962B2DFCC000D8642C /* AppDelegate.swift in Sources */,
				DFADAA702B7C447000B14BCB /* HomeViewController.swift in Sources */,
				DFADAA6C2B7C447000B14BCB /* SelectTestViewController.swift in Sources */,
				DFADAA792B7C448000B14BCB /* Constant.swift in Sources */,
				DFADAA772B7C447000B14BCB /* StartSelectTestViewController.swift in Sources */,
				DF4B3F2E2B959368007F2AE3 /* FiveSentenceCreateViewController.swift in Sources */,
				DFADAA4F2B7C443800B14BCB /* SelectTestTableViewCell.swift in Sources */,
				DFADAA722B7C447000B14BCB /* StartViewController.swift in Sources */,
				DFADAA6F2B7C447000B14BCB /* CreateNewViewController.swift in Sources */,
				DFADAA582B7C444600B14BCB /* TestDataModel.swift in Sources */,
				DFADAA6B2B7C447000B14BCB /* SelectEditViewController.swift in Sources */,
				DFADAA712B7C447000B14BCB /* ResultSelectTestViewController.swift in Sources */,
				DF0949982B2DFCC000D8642C /* SceneDelegate.swift in Sources */,
				DFADAA6A2B7C447000B14BCB /* ResultViewController.swift in Sources */,
				DF4B3F342B95B94B007F2AE3 /* StartFiveSentenceTestViewController.swift in Sources */,
				DF4B3F302B959384007F2AE3 /* FiveSentenceEditViewController.swift in Sources */,
			);
			runOnlyForDeploymentPostprocessing = 0;
		};
		DF0949A42B2DFCC100D8642C /* Sources */ = {
			isa = PBXSourcesBuildPhase;
			buildActionMask = 2147483647;
			files = (
				DF0949AD2B2DFCC100D8642C /* SelfTestTests.swift in Sources */,
			);
			runOnlyForDeploymentPostprocessing = 0;
		};
		DF0949AE2B2DFCC100D8642C /* Sources */ = {
			isa = PBXSourcesBuildPhase;
			buildActionMask = 2147483647;
			files = (
				DF0949B92B2DFCC100D8642C /* SelfTestUITestsLaunchTests.swift in Sources */,
				DF0949B72B2DFCC100D8642C /* SelfTestUITests.swift in Sources */,
			);
			runOnlyForDeploymentPostprocessing = 0;
		};
/* End PBXSourcesBuildPhase section */

/* Begin PBXTargetDependency section */
		DF0949AA2B2DFCC100D8642C /* PBXTargetDependency */ = {
			isa = PBXTargetDependency;
			target = DF0949912B2DFCC000D8642C /* SelfTest */;
			targetProxy = DF0949A92B2DFCC100D8642C /* PBXContainerItemProxy */;
		};
		DF0949B42B2DFCC100D8642C /* PBXTargetDependency */ = {
			isa = PBXTargetDependency;
			target = DF0949912B2DFCC000D8642C /* SelfTest */;
			targetProxy = DF0949B32B2DFCC100D8642C /* PBXContainerItemProxy */;
		};
/* End PBXTargetDependency section */

/* Begin XCBuildConfiguration section */
		DF0949BA2B2DFCC100D8642C /* Debug */ = {
			isa = XCBuildConfiguration;
			buildSettings = {
				ALWAYS_SEARCH_USER_PATHS = NO;
				ASSETCATALOG_COMPILER_GENERATE_SWIFT_ASSET_SYMBOL_EXTENSIONS = YES;
				CLANG_ANALYZER_NONNULL = YES;
				CLANG_ANALYZER_NUMBER_OBJECT_CONVERSION = YES_AGGRESSIVE;
				CLANG_CXX_LANGUAGE_STANDARD = "gnu++20";
				CLANG_ENABLE_MODULES = YES;
				CLANG_ENABLE_OBJC_ARC = YES;
				CLANG_ENABLE_OBJC_WEAK = YES;
				CLANG_WARN_BLOCK_CAPTURE_AUTORELEASING = YES;
				CLANG_WARN_BOOL_CONVERSION = YES;
				CLANG_WARN_COMMA = YES;
				CLANG_WARN_CONSTANT_CONVERSION = YES;
				CLANG_WARN_DEPRECATED_OBJC_IMPLEMENTATIONS = YES;
				CLANG_WARN_DIRECT_OBJC_ISA_USAGE = YES_ERROR;
				CLANG_WARN_DOCUMENTATION_COMMENTS = YES;
				CLANG_WARN_EMPTY_BODY = YES;
				CLANG_WARN_ENUM_CONVERSION = YES;
				CLANG_WARN_INFINITE_RECURSION = YES;
				CLANG_WARN_INT_CONVERSION = YES;
				CLANG_WARN_NON_LITERAL_NULL_CONVERSION = YES;
				CLANG_WARN_OBJC_IMPLICIT_RETAIN_SELF = YES;
				CLANG_WARN_OBJC_LITERAL_CONVERSION = YES;
				CLANG_WARN_OBJC_ROOT_CLASS = YES_ERROR;
				CLANG_WARN_QUOTED_INCLUDE_IN_FRAMEWORK_HEADER = YES;
				CLANG_WARN_RANGE_LOOP_ANALYSIS = YES;
				CLANG_WARN_STRICT_PROTOTYPES = YES;
				CLANG_WARN_SUSPICIOUS_MOVE = YES;
				CLANG_WARN_UNGUARDED_AVAILABILITY = YES_AGGRESSIVE;
				CLANG_WARN_UNREACHABLE_CODE = YES;
				CLANG_WARN__DUPLICATE_METHOD_MATCH = YES;
				COPY_PHASE_STRIP = NO;
				DEBUG_INFORMATION_FORMAT = dwarf;
				ENABLE_STRICT_OBJC_MSGSEND = YES;
				ENABLE_TESTABILITY = YES;
				ENABLE_USER_SCRIPT_SANDBOXING = YES;
				GCC_C_LANGUAGE_STANDARD = gnu17;
				GCC_DYNAMIC_NO_PIC = NO;
				GCC_NO_COMMON_BLOCKS = YES;
				GCC_OPTIMIZATION_LEVEL = 0;
				GCC_PREPROCESSOR_DEFINITIONS = (
					"DEBUG=1",
					"$(inherited)",
				);
				GCC_WARN_64_TO_32_BIT_CONVERSION = YES;
				GCC_WARN_ABOUT_RETURN_TYPE = YES_ERROR;
				GCC_WARN_UNDECLARED_SELECTOR = YES;
				GCC_WARN_UNINITIALIZED_AUTOS = YES_AGGRESSIVE;
				GCC_WARN_UNUSED_FUNCTION = YES;
				GCC_WARN_UNUSED_VARIABLE = YES;
				IPHONEOS_DEPLOYMENT_TARGET = 17.0;
				LOCALIZATION_PREFERS_STRING_CATALOGS = YES;
				MTL_ENABLE_DEBUG_INFO = INCLUDE_SOURCE;
				MTL_FAST_MATH = YES;
				ONLY_ACTIVE_ARCH = YES;
				SDKROOT = iphoneos;
				SWIFT_ACTIVE_COMPILATION_CONDITIONS = "DEBUG $(inherited)";
				SWIFT_OPTIMIZATION_LEVEL = "-Onone";
			};
			name = Debug;
		};
		DF0949BB2B2DFCC100D8642C /* Release */ = {
			isa = XCBuildConfiguration;
			buildSettings = {
				ALWAYS_SEARCH_USER_PATHS = NO;
				ASSETCATALOG_COMPILER_GENERATE_SWIFT_ASSET_SYMBOL_EXTENSIONS = YES;
				CLANG_ANALYZER_NONNULL = YES;
				CLANG_ANALYZER_NUMBER_OBJECT_CONVERSION = YES_AGGRESSIVE;
				CLANG_CXX_LANGUAGE_STANDARD = "gnu++20";
				CLANG_ENABLE_MODULES = YES;
				CLANG_ENABLE_OBJC_ARC = YES;
				CLANG_ENABLE_OBJC_WEAK = YES;
				CLANG_WARN_BLOCK_CAPTURE_AUTORELEASING = YES;
				CLANG_WARN_BOOL_CONVERSION = YES;
				CLANG_WARN_COMMA = YES;
				CLANG_WARN_CONSTANT_CONVERSION = YES;
				CLANG_WARN_DEPRECATED_OBJC_IMPLEMENTATIONS = YES;
				CLANG_WARN_DIRECT_OBJC_ISA_USAGE = YES_ERROR;
				CLANG_WARN_DOCUMENTATION_COMMENTS = YES;
				CLANG_WARN_EMPTY_BODY = YES;
				CLANG_WARN_ENUM_CONVERSION = YES;
				CLANG_WARN_INFINITE_RECURSION = YES;
				CLANG_WARN_INT_CONVERSION = YES;
				CLANG_WARN_NON_LITERAL_NULL_CONVERSION = YES;
				CLANG_WARN_OBJC_IMPLICIT_RETAIN_SELF = YES;
				CLANG_WARN_OBJC_LITERAL_CONVERSION = YES;
				CLANG_WARN_OBJC_ROOT_CLASS = YES_ERROR;
				CLANG_WARN_QUOTED_INCLUDE_IN_FRAMEWORK_HEADER = YES;
				CLANG_WARN_RANGE_LOOP_ANALYSIS = YES;
				CLANG_WARN_STRICT_PROTOTYPES = YES;
				CLANG_WARN_SUSPICIOUS_MOVE = YES;
				CLANG_WARN_UNGUARDED_AVAILABILITY = YES_AGGRESSIVE;
				CLANG_WARN_UNREACHABLE_CODE = YES;
				CLANG_WARN__DUPLICATE_METHOD_MATCH = YES;
				COPY_PHASE_STRIP = NO;
				DEBUG_INFORMATION_FORMAT = "dwarf-with-dsym";
				ENABLE_NS_ASSERTIONS = NO;
				ENABLE_STRICT_OBJC_MSGSEND = YES;
				ENABLE_USER_SCRIPT_SANDBOXING = YES;
				GCC_C_LANGUAGE_STANDARD = gnu17;
				GCC_NO_COMMON_BLOCKS = YES;
				GCC_WARN_64_TO_32_BIT_CONVERSION = YES;
				GCC_WARN_ABOUT_RETURN_TYPE = YES_ERROR;
				GCC_WARN_UNDECLARED_SELECTOR = YES;
				GCC_WARN_UNINITIALIZED_AUTOS = YES_AGGRESSIVE;
				GCC_WARN_UNUSED_FUNCTION = YES;
				GCC_WARN_UNUSED_VARIABLE = YES;
				IPHONEOS_DEPLOYMENT_TARGET = 17.0;
				LOCALIZATION_PREFERS_STRING_CATALOGS = YES;
				MTL_ENABLE_DEBUG_INFO = NO;
				MTL_FAST_MATH = YES;
				SDKROOT = iphoneos;
				SWIFT_COMPILATION_MODE = wholemodule;
				VALIDATE_PRODUCT = YES;
			};
			name = Release;
		};
		DF0949BD2B2DFCC100D8642C /* Debug */ = {
			isa = XCBuildConfiguration;
			baseConfigurationReference = 676F065D534495AF787BCD9C /* Pods-SelfTest.debug.xcconfig */;
			buildSettings = {
				ASSETCATALOG_COMPILER_APPICON_NAME = AppIcon;
				ASSETCATALOG_COMPILER_GLOBAL_ACCENT_COLOR_NAME = AccentColor;
				CODE_SIGN_IDENTITY = "Apple Development";
				CODE_SIGN_STYLE = Automatic;
				CURRENT_PROJECT_VERSION = 2;
				DEVELOPMENT_TEAM = 4XT7U97S2A;
				ENABLE_USER_SCRIPT_SANDBOXING = NO;
				GENERATE_INFOPLIST_FILE = YES;
				INFOPLIST_FILE = SelfTest/Info.plist;
				INFOPLIST_KEY_UIApplicationSupportsIndirectInputEvents = YES;
				INFOPLIST_KEY_UILaunchStoryboardName = LaunchScreen;
				INFOPLIST_KEY_UIMainStoryboardFile = Main;
				INFOPLIST_KEY_UISupportedInterfaceOrientations = UIInterfaceOrientationPortrait;
				INFOPLIST_KEY_UISupportedInterfaceOrientations_iPad = "UIInterfaceOrientationLandscapeLeft UIInterfaceOrientationLandscapeRight UIInterfaceOrientationPortrait UIInterfaceOrientationPortraitUpsideDown";
				IPHONEOS_DEPLOYMENT_TARGET = 17.2;
				LD_RUNPATH_SEARCH_PATHS = (
					"$(inherited)",
					"@executable_path/Frameworks",
				);
				MARKETING_VERSION = 1.1;
				PRODUCT_BUNDLE_IDENTIFIER = "com.ios-academia.SelfTest";
				PRODUCT_NAME = "$(TARGET_NAME)";
				PROVISIONING_PROFILE_SPECIFIER = "";
				SUPPORTED_PLATFORMS = "iphoneos iphonesimulator";
				SUPPORTS_MACCATALYST = NO;
				SUPPORTS_MAC_DESIGNED_FOR_IPHONE_IPAD = NO;
				SUPPORTS_XR_DESIGNED_FOR_IPHONE_IPAD = NO;
				SWIFT_EMIT_LOC_STRINGS = YES;
				SWIFT_VERSION = 5.0;
				TARGETED_DEVICE_FAMILY = 1;
			};
			name = Debug;
		};
		DF0949BE2B2DFCC100D8642C /* Release */ = {
			isa = XCBuildConfiguration;
			baseConfigurationReference = 8C9D5E61754C85316BB68871 /* Pods-SelfTest.release.xcconfig */;
			buildSettings = {
				ASSETCATALOG_COMPILER_APPICON_NAME = AppIcon;
				ASSETCATALOG_COMPILER_GLOBAL_ACCENT_COLOR_NAME = AccentColor;
				CODE_SIGN_IDENTITY = "Apple Development";
				CODE_SIGN_STYLE = Automatic;
				CURRENT_PROJECT_VERSION = 2;
				DEVELOPMENT_TEAM = 4XT7U97S2A;
				ENABLE_USER_SCRIPT_SANDBOXING = NO;
				GENERATE_INFOPLIST_FILE = YES;
				INFOPLIST_FILE = SelfTest/Info.plist;
				INFOPLIST_KEY_UIApplicationSupportsIndirectInputEvents = YES;
				INFOPLIST_KEY_UILaunchStoryboardName = LaunchScreen;
				INFOPLIST_KEY_UIMainStoryboardFile = Main;
				INFOPLIST_KEY_UISupportedInterfaceOrientations = UIInterfaceOrientationPortrait;
				INFOPLIST_KEY_UISupportedInterfaceOrientations_iPad = "UIInterfaceOrientationLandscapeLeft UIInterfaceOrientationLandscapeRight UIInterfaceOrientationPortrait UIInterfaceOrientationPortraitUpsideDown";
				IPHONEOS_DEPLOYMENT_TARGET = 17.2;
				LD_RUNPATH_SEARCH_PATHS = (
					"$(inherited)",
					"@executable_path/Frameworks",
				);
				MARKETING_VERSION = 1.1;
				PRODUCT_BUNDLE_IDENTIFIER = "com.ios-academia.SelfTest";
				PRODUCT_NAME = "$(TARGET_NAME)";
				PROVISIONING_PROFILE_SPECIFIER = "";
				SUPPORTED_PLATFORMS = "iphoneos iphonesimulator";
				SUPPORTS_MACCATALYST = NO;
				SUPPORTS_MAC_DESIGNED_FOR_IPHONE_IPAD = NO;
				SUPPORTS_XR_DESIGNED_FOR_IPHONE_IPAD = NO;
				SWIFT_EMIT_LOC_STRINGS = YES;
				SWIFT_VERSION = 5.0;
				TARGETED_DEVICE_FAMILY = 1;
			};
			name = Release;
		};
		DF0949C02B2DFCC100D8642C /* Debug */ = {
			isa = XCBuildConfiguration;
			baseConfigurationReference = EEA782B9CFE5FD4F9F204801 /* Pods-SelfTestTests.debug.xcconfig */;
			buildSettings = {
				ALWAYS_EMBED_SWIFT_STANDARD_LIBRARIES = YES;
				BUNDLE_LOADER = "$(TEST_HOST)";
				CODE_SIGN_STYLE = Automatic;
				CURRENT_PROJECT_VERSION = 1;
				DEVELOPMENT_TEAM = 4XT7U97S2A;
				GENERATE_INFOPLIST_FILE = YES;
				IPHONEOS_DEPLOYMENT_TARGET = 17.0;
				MARKETING_VERSION = 1.0;
				PRODUCT_BUNDLE_IDENTIFIER = "com.ios-academia.SelfTestTests";
				PRODUCT_NAME = "$(TARGET_NAME)";
				SWIFT_EMIT_LOC_STRINGS = NO;
				SWIFT_VERSION = 5.0;
				TARGETED_DEVICE_FAMILY = "1,2";
				TEST_HOST = "$(BUILT_PRODUCTS_DIR)/SelfTest.app/$(BUNDLE_EXECUTABLE_FOLDER_PATH)/SelfTest";
			};
			name = Debug;
		};
		DF0949C12B2DFCC100D8642C /* Release */ = {
			isa = XCBuildConfiguration;
			baseConfigurationReference = 4C0FB9875C93F3319C47ADDA /* Pods-SelfTestTests.release.xcconfig */;
			buildSettings = {
				ALWAYS_EMBED_SWIFT_STANDARD_LIBRARIES = YES;
				BUNDLE_LOADER = "$(TEST_HOST)";
				CODE_SIGN_STYLE = Automatic;
				CURRENT_PROJECT_VERSION = 1;
				DEVELOPMENT_TEAM = 4XT7U97S2A;
				GENERATE_INFOPLIST_FILE = YES;
				IPHONEOS_DEPLOYMENT_TARGET = 17.0;
				MARKETING_VERSION = 1.0;
				PRODUCT_BUNDLE_IDENTIFIER = "com.ios-academia.SelfTestTests";
				PRODUCT_NAME = "$(TARGET_NAME)";
				SWIFT_EMIT_LOC_STRINGS = NO;
				SWIFT_VERSION = 5.0;
				TARGETED_DEVICE_FAMILY = "1,2";
				TEST_HOST = "$(BUILT_PRODUCTS_DIR)/SelfTest.app/$(BUNDLE_EXECUTABLE_FOLDER_PATH)/SelfTest";
			};
			name = Release;
		};
		DF0949C32B2DFCC100D8642C /* Debug */ = {
			isa = XCBuildConfiguration;
			baseConfigurationReference = 19037791B57E68E3AB7EC5F6 /* Pods-SelfTest-SelfTestUITests.debug.xcconfig */;
			buildSettings = {
				ALWAYS_EMBED_SWIFT_STANDARD_LIBRARIES = YES;
				CODE_SIGN_STYLE = Automatic;
				CURRENT_PROJECT_VERSION = 1;
				DEVELOPMENT_TEAM = 4XT7U97S2A;
				GENERATE_INFOPLIST_FILE = YES;
				MARKETING_VERSION = 1.0;
				PRODUCT_BUNDLE_IDENTIFIER = "com.ios-academia.SelfTestUITests";
				PRODUCT_NAME = "$(TARGET_NAME)";
				SWIFT_EMIT_LOC_STRINGS = NO;
				SWIFT_VERSION = 5.0;
				TARGETED_DEVICE_FAMILY = "1,2";
				TEST_TARGET_NAME = SelfTest;
			};
			name = Debug;
		};
		DF0949C42B2DFCC100D8642C /* Release */ = {
			isa = XCBuildConfiguration;
			baseConfigurationReference = 7236A679C3B8DD394F122314 /* Pods-SelfTest-SelfTestUITests.release.xcconfig */;
			buildSettings = {
				ALWAYS_EMBED_SWIFT_STANDARD_LIBRARIES = YES;
				CODE_SIGN_STYLE = Automatic;
				CURRENT_PROJECT_VERSION = 1;
				DEVELOPMENT_TEAM = 4XT7U97S2A;
				GENERATE_INFOPLIST_FILE = YES;
				MARKETING_VERSION = 1.0;
				PRODUCT_BUNDLE_IDENTIFIER = "com.ios-academia.SelfTestUITests";
				PRODUCT_NAME = "$(TARGET_NAME)";
				SWIFT_EMIT_LOC_STRINGS = NO;
				SWIFT_VERSION = 5.0;
				TARGETED_DEVICE_FAMILY = "1,2";
				TEST_TARGET_NAME = SelfTest;
			};
			name = Release;
		};
/* End XCBuildConfiguration section */

/* Begin XCConfigurationList section */
		DF09498D2B2DFCC000D8642C /* Build configuration list for PBXProject "SelfTest" */ = {
			isa = XCConfigurationList;
			buildConfigurations = (
				DF0949BA2B2DFCC100D8642C /* Debug */,
				DF0949BB2B2DFCC100D8642C /* Release */,
			);
			defaultConfigurationIsVisible = 0;
			defaultConfigurationName = Release;
		};
		DF0949BC2B2DFCC100D8642C /* Build configuration list for PBXNativeTarget "SelfTest" */ = {
			isa = XCConfigurationList;
			buildConfigurations = (
				DF0949BD2B2DFCC100D8642C /* Debug */,
				DF0949BE2B2DFCC100D8642C /* Release */,
			);
			defaultConfigurationIsVisible = 0;
			defaultConfigurationName = Release;
		};
		DF0949BF2B2DFCC100D8642C /* Build configuration list for PBXNativeTarget "SelfTestTests" */ = {
			isa = XCConfigurationList;
			buildConfigurations = (
				DF0949C02B2DFCC100D8642C /* Debug */,
				DF0949C12B2DFCC100D8642C /* Release */,
			);
			defaultConfigurationIsVisible = 0;
			defaultConfigurationName = Release;
		};
		DF0949C22B2DFCC100D8642C /* Build configuration list for PBXNativeTarget "SelfTestUITests" */ = {
			isa = XCConfigurationList;
			buildConfigurations = (
				DF0949C32B2DFCC100D8642C /* Debug */,
				DF0949C42B2DFCC100D8642C /* Release */,
			);
			defaultConfigurationIsVisible = 0;
			defaultConfigurationName = Release;
		};
/* End XCConfigurationList section */
	};
	rootObject = DF09498A2B2DFCC000D8642C /* Project object */;
}
